
Microsoft Visual Studio Solution File, Format Version 12.00
# Visual Studio 15
VisualStudioVersion = 15.0.27130.2020
MinimumVisualStudioVersion = 10.0.40219.1
Project("{FAE04EC0-301F-11D3-BF4B-00C04F79EFBC}") = "Session_03_Xunit", "Session_03_Xunit\Session_03_Xunit.csproj", "{B84158A2-8C35-41C4-A53D-256778730876}"
EndProject
Project("{FAE04EC0-301F-11D3-BF4B-00C04F79EFBC}") = "Session_03_Xunit.Test", "Session_03_Xunit.Test\Session_03_Xunit.Test.csproj", "{03B10D5B-5799-43C5-8B53-7F115A3C4BF5}"
EndProject
Global
	GlobalSection(SolutionConfigurationPlatforms) = preSolution
		Debug|Any CPU = Debug|Any CPU
		Release|Any CPU = Release|Any CPU
	EndGlobalSection
	GlobalSection(ProjectConfigurationPlatforms) = postSolution
		{B84158A2-8C35-41C4-A53D-256778730876}.Debug|Any CPU.ActiveCfg = Debug|Any CPU
		{B84158A2-8C35-41C4-A53D-256778730876}.Debug|Any CPU.Build.0 = Debug|Any CPU
		{B84158A2-8C35-41C4-A53D-256778730876}.Release|Any CPU.ActiveCfg = Release|Any CPU
		{B84158A2-8C35-41C4-A53D-256778730876}.Release|Any CPU.Build.0 = Release|Any CPU
		{03B10D5B-5799-43C5-8B53-7F115A3C4BF5}.Debug|Any CPU.ActiveCfg = Debug|Any CPU
		{03B10D5B-5799-43C5-8B53-7F115A3C4BF5}.Debug|Any CPU.Build.0 = Debug|Any CPU
		{03B10D5B-5799-43C5-8B53-7F115A3C4BF5}.Release|Any CPU.ActiveCfg = Release|Any CPU
		{03B10D5B-5799-43C5-8B53-7F115A3C4BF5}.Release|Any CPU.Build.0 = Release|Any CPU
	EndGlobalSection
	GlobalSection(SolutionProperties) = preSolution
		HideSolutionNode = FALSE
	EndGlobalSection
	GlobalSection(ExtensibilityGlobals) = postSolution
		SolutionGuid = {E16E4342-5CE3-443C-9FE9-93CF896C6E4C}
	EndGlobalSection
EndGlobal
